
Microsoft Visual Studio Solution File, Format Version 12.00
# Visual Studio 15
VisualStudioVersion = 15.0.26403.7
MinimumVisualStudioVersion = 10.0.40219.1
Project("{FAE04EC0-301F-11D3-BF4B-00C04F79EFBC}") = "Utils", "Utils\Utils.csproj", "{642244E1-8A06-444F-8F71-014FA0A817A0}"
EndProject
Project("{FAE04EC0-301F-11D3-BF4B-00C04F79EFBC}") = "Primes", "Primes\Primes.csproj", "{0F6F960D-A3D3-4940-9CE2-352EFB851E15}"
EndProject
Project("{FAE04EC0-301F-11D3-BF4B-00C04F79EFBC}") = "Asm", "Asm\Asm.csproj", "{0FAA6FCE-B95D-45AA-9FBC-D9FBC49A062F}"
EndProject
Project("{FAE04EC0-301F-11D3-BF4B-00C04F79EFBC}") = "Maze", "Maze\Maze.csproj", "{D18E0174-DF7D-4098-B630-C303264DAA1A}"
EndProject
Global
	GlobalSection(SolutionConfigurationPlatforms) = preSolution
		Debug|Any CPU = Debug|Any CPU
		Release|Any CPU = Release|Any CPU
	EndGlobalSection
	GlobalSection(ProjectConfigurationPlatforms) = postSolution
		{642244E1-8A06-444F-8F71-014FA0A817A0}.Debug|Any CPU.ActiveCfg = Debug|Any CPU
		{642244E1-8A06-444F-8F71-014FA0A817A0}.Debug|Any CPU.Build.0 = Debug|Any CPU
		{642244E1-8A06-444F-8F71-014FA0A817A0}.Release|Any CPU.ActiveCfg = Release|Any CPU
		{642244E1-8A06-444F-8F71-014FA0A817A0}.Release|Any CPU.Build.0 = Release|Any CPU
		{0F6F960D-A3D3-4940-9CE2-352EFB851E15}.Debug|Any CPU.ActiveCfg = Debug|Any CPU
		{0F6F960D-A3D3-4940-9CE2-352EFB851E15}.Debug|Any CPU.Build.0 = Debug|Any CPU
		{0F6F960D-A3D3-4940-9CE2-352EFB851E15}.Release|Any CPU.ActiveCfg = Release|Any CPU
		{0F6F960D-A3D3-4940-9CE2-352EFB851E15}.Release|Any CPU.Build.0 = Release|Any CPU
		{0FAA6FCE-B95D-45AA-9FBC-D9FBC49A062F}.Debug|Any CPU.ActiveCfg = Debug|Any CPU
		{0FAA6FCE-B95D-45AA-9FBC-D9FBC49A062F}.Debug|Any CPU.Build.0 = Debug|Any CPU
		{0FAA6FCE-B95D-45AA-9FBC-D9FBC49A062F}.Release|Any CPU.ActiveCfg = Release|Any CPU
		{0FAA6FCE-B95D-45AA-9FBC-D9FBC49A062F}.Release|Any CPU.Build.0 = Release|Any CPU
		{D18E0174-DF7D-4098-B630-C303264DAA1A}.Debug|Any CPU.ActiveCfg = Debug|Any CPU
		{D18E0174-DF7D-4098-B630-C303264DAA1A}.Debug|Any CPU.Build.0 = Debug|Any CPU
		{D18E0174-DF7D-4098-B630-C303264DAA1A}.Release|Any CPU.ActiveCfg = Release|Any CPU
		{D18E0174-DF7D-4098-B630-C303264DAA1A}.Release|Any CPU.Build.0 = Release|Any CPU
	EndGlobalSection
	GlobalSection(SolutionProperties) = preSolution
		HideSolutionNode = FALSE
	EndGlobalSection
EndGlobal
